// !$*UTF8*$!
{
	archiveVersion = 1;
	classes = {
	};
	objectVersion = 56;
	objects = {

/* Begin PBXBuildFile section */
		B72B32DE2B053E6600D47429 /* bible_data.json in Resources */ = {isa = PBXBuildFile; fileRef = B72B32DD2B053E6600D47429 /* bible_data.json */; };
		B72B32E02B053E9C00D47429 /* BibleReadingsDataModel.swift in Sources */ = {isa = PBXBuildFile; fileRef = B72B32DF2B053E9C00D47429 /* BibleReadingsDataModel.swift */; };
		B72B32E22B05CBBB00D47429 /* ReadingsLocalDataSource.swift in Sources */ = {isa = PBXBuildFile; fileRef = B72B32E12B05CBBB00D47429 /* ReadingsLocalDataSource.swift */; };
		B72B32E42B05CDBB00D47429 /* BibleReadingParser.swift in Sources */ = {isa = PBXBuildFile; fileRef = B72B32E32B05CDBB00D47429 /* BibleReadingParser.swift */; };
		B72B32E62B05D15400D47429 /* BibleReadingParserTests.swift in Sources */ = {isa = PBXBuildFile; fileRef = B72B32E52B05D15400D47429 /* BibleReadingParserTests.swift */; };
		B7BA5C322AE360A500454FDB /* BibleYearTrackerApp.swift in Sources */ = {isa = PBXBuildFile; fileRef = B7BA5C312AE360A500454FDB /* BibleYearTrackerApp.swift */; };
		B7BA5C342AE360A500454FDB /* ContentView.swift in Sources */ = {isa = PBXBuildFile; fileRef = B7BA5C332AE360A500454FDB /* ContentView.swift */; };
		B7BA5C362AE360A700454FDB /* Assets.xcassets in Resources */ = {isa = PBXBuildFile; fileRef = B7BA5C352AE360A700454FDB /* Assets.xcassets */; };
		B7BA5C392AE360A700454FDB /* Preview Assets.xcassets in Resources */ = {isa = PBXBuildFile; fileRef = B7BA5C382AE360A700454FDB /* Preview Assets.xcassets */; };
		B7BA5C432AE360A700454FDB /* BibleYearTrackerTests.swift in Sources */ = {isa = PBXBuildFile; fileRef = B7BA5C422AE360A700454FDB /* BibleYearTrackerTests.swift */; };
		B7BA5C4D2AE360A700454FDB /* BibleYearTrackerUITests.swift in Sources */ = {isa = PBXBuildFile; fileRef = B7BA5C4C2AE360A700454FDB /* BibleYearTrackerUITests.swift */; };
		B7BA5C4F2AE360A700454FDB /* BibleYearTrackerUITestsLaunchTests.swift in Sources */ = {isa = PBXBuildFile; fileRef = B7BA5C4E2AE360A700454FDB /* BibleYearTrackerUITestsLaunchTests.swift */; };
		B7BA5C5E2AE360DB00454FDB /* ReadingListView.swift in Sources */ = {isa = PBXBuildFile; fileRef = B7BA5C5D2AE360DB00454FDB /* ReadingListView.swift */; };
		B7BA5C602AE3614400454FDB /* SettingsView.swift in Sources */ = {isa = PBXBuildFile; fileRef = B7BA5C5F2AE3614400454FDB /* SettingsView.swift */; };
/* End PBXBuildFile section */

/* Begin PBXContainerItemProxy section */
		B7BA5C3F2AE360A700454FDB /* PBXContainerItemProxy */ = {
			isa = PBXContainerItemProxy;
			containerPortal = B7BA5C262AE360A500454FDB /* Project object */;
			proxyType = 1;
			remoteGlobalIDString = B7BA5C2D2AE360A500454FDB;
			remoteInfo = BibleYearTracker;
		};
		B7BA5C492AE360A700454FDB /* PBXContainerItemProxy */ = {
			isa = PBXContainerItemProxy;
			containerPortal = B7BA5C262AE360A500454FDB /* Project object */;
			proxyType = 1;
			remoteGlobalIDString = B7BA5C2D2AE360A500454FDB;
			remoteInfo = BibleYearTracker;
		};
/* End PBXContainerItemProxy section */

/* Begin PBXFileReference section */
		B72B32DD2B053E6600D47429 /* bible_data.json */ = {isa = PBXFileReference; fileEncoding = 4; lastKnownFileType = text.json; path = bible_data.json; sourceTree = "<group>"; };
		B72B32DF2B053E9C00D47429 /* BibleReadingsDataModel.swift */ = {isa = PBXFileReference; lastKnownFileType = sourcecode.swift; path = BibleReadingsDataModel.swift; sourceTree = "<group>"; };
		B72B32E12B05CBBB00D47429 /* ReadingsLocalDataSource.swift */ = {isa = PBXFileReference; lastKnownFileType = sourcecode.swift; path = ReadingsLocalDataSource.swift; sourceTree = "<group>"; };
		B72B32E32B05CDBB00D47429 /* BibleReadingParser.swift */ = {isa = PBXFileReference; lastKnownFileType = sourcecode.swift; path = BibleReadingParser.swift; sourceTree = "<group>"; };
		B72B32E52B05D15400D47429 /* BibleReadingParserTests.swift */ = {isa = PBXFileReference; lastKnownFileType = sourcecode.swift; path = BibleReadingParserTests.swift; sourceTree = "<group>"; };
		B7BA5C2E2AE360A500454FDB /* BibleYearTracker.app */ = {isa = PBXFileReference; explicitFileType = wrapper.application; includeInIndex = 0; path = BibleYearTracker.app; sourceTree = BUILT_PRODUCTS_DIR; };
		B7BA5C312AE360A500454FDB /* BibleYearTrackerApp.swift */ = {isa = PBXFileReference; lastKnownFileType = sourcecode.swift; path = BibleYearTrackerApp.swift; sourceTree = "<group>"; };
		B7BA5C332AE360A500454FDB /* ContentView.swift */ = {isa = PBXFileReference; lastKnownFileType = sourcecode.swift; path = ContentView.swift; sourceTree = "<group>"; };
		B7BA5C352AE360A700454FDB /* Assets.xcassets */ = {isa = PBXFileReference; lastKnownFileType = folder.assetcatalog; path = Assets.xcassets; sourceTree = "<group>"; };
		B7BA5C382AE360A700454FDB /* Preview Assets.xcassets */ = {isa = PBXFileReference; lastKnownFileType = folder.assetcatalog; path = "Preview Assets.xcassets"; sourceTree = "<group>"; };
		B7BA5C3E2AE360A700454FDB /* BibleYearTrackerTests.xctest */ = {isa = PBXFileReference; explicitFileType = wrapper.cfbundle; includeInIndex = 0; path = BibleYearTrackerTests.xctest; sourceTree = BUILT_PRODUCTS_DIR; };
		B7BA5C422AE360A700454FDB /* BibleYearTrackerTests.swift */ = {isa = PBXFileReference; lastKnownFileType = sourcecode.swift; path = BibleYearTrackerTests.swift; sourceTree = "<group>"; };
		B7BA5C482AE360A700454FDB /* BibleYearTrackerUITests.xctest */ = {isa = PBXFileReference; explicitFileType = wrapper.cfbundle; includeInIndex = 0; path = BibleYearTrackerUITests.xctest; sourceTree = BUILT_PRODUCTS_DIR; };
		B7BA5C4C2AE360A700454FDB /* BibleYearTrackerUITests.swift */ = {isa = PBXFileReference; lastKnownFileType = sourcecode.swift; path = BibleYearTrackerUITests.swift; sourceTree = "<group>"; };
		B7BA5C4E2AE360A700454FDB /* BibleYearTrackerUITestsLaunchTests.swift */ = {isa = PBXFileReference; lastKnownFileType = sourcecode.swift; path = BibleYearTrackerUITestsLaunchTests.swift; sourceTree = "<group>"; };
		B7BA5C5D2AE360DB00454FDB /* ReadingListView.swift */ = {isa = PBXFileReference; lastKnownFileType = sourcecode.swift; path = ReadingListView.swift; sourceTree = "<group>"; };
		B7BA5C5F2AE3614400454FDB /* SettingsView.swift */ = {isa = PBXFileReference; lastKnownFileType = sourcecode.swift; path = SettingsView.swift; sourceTree = "<group>"; };
/* End PBXFileReference section */

/* Begin PBXFrameworksBuildPhase section */
		B7BA5C2B2AE360A500454FDB /* Frameworks */ = {
			isa = PBXFrameworksBuildPhase;
			buildActionMask = 2147483647;
			files = (
			);
			runOnlyForDeploymentPostprocessing = 0;
		};
		B7BA5C3B2AE360A700454FDB /* Frameworks */ = {
			isa = PBXFrameworksBuildPhase;
			buildActionMask = 2147483647;
			files = (
			);
			runOnlyForDeploymentPostprocessing = 0;
		};
		B7BA5C452AE360A700454FDB /* Frameworks */ = {
			isa = PBXFrameworksBuildPhase;
			buildActionMask = 2147483647;
			files = (
			);
			runOnlyForDeploymentPostprocessing = 0;
		};
/* End PBXFrameworksBuildPhase section */

/* Begin PBXGroup section */
		B7BA5C252AE360A500454FDB = {
			isa = PBXGroup;
			children = (
				B7BA5C302AE360A500454FDB /* BibleYearTracker */,
				B7BA5C412AE360A700454FDB /* BibleYearTrackerTests */,
				B7BA5C4B2AE360A700454FDB /* BibleYearTrackerUITests */,
				B7BA5C2F2AE360A500454FDB /* Products */,
			);
			sourceTree = "<group>";
		};
		B7BA5C2F2AE360A500454FDB /* Products */ = {
			isa = PBXGroup;
			children = (
				B7BA5C2E2AE360A500454FDB /* BibleYearTracker.app */,
				B7BA5C3E2AE360A700454FDB /* BibleYearTrackerTests.xctest */,
				B7BA5C482AE360A700454FDB /* BibleYearTrackerUITests.xctest */,
			);
			name = Products;
			sourceTree = "<group>";
		};
		B7BA5C302AE360A500454FDB /* BibleYearTracker */ = {
			isa = PBXGroup;
			children = (
				B7BA5C5C2AE360BC00454FDB /* Settings */,
				B7BA5C5B2AE360AF00454FDB /* Readings */,
				B7BA5C312AE360A500454FDB /* BibleYearTrackerApp.swift */,
				B7BA5C332AE360A500454FDB /* ContentView.swift */,
				B7BA5C352AE360A700454FDB /* Assets.xcassets */,
				B72B32DD2B053E6600D47429 /* bible_data.json */,
				B7BA5C372AE360A700454FDB /* Preview Content */,
				B72B32DF2B053E9C00D47429 /* BibleReadingsDataModel.swift */,
			);
			path = BibleYearTracker;
			sourceTree = "<group>";
		};
		B7BA5C372AE360A700454FDB /* Preview Content */ = {
			isa = PBXGroup;
			children = (
				B7BA5C382AE360A700454FDB /* Preview Assets.xcassets */,
			);
			path = "Preview Content";
			sourceTree = "<group>";
		};
		B7BA5C412AE360A700454FDB /* BibleYearTrackerTests */ = {
			isa = PBXGroup;
			children = (
				B7BA5C422AE360A700454FDB /* BibleYearTrackerTests.swift */,
				B72B32E52B05D15400D47429 /* BibleReadingParserTests.swift */,
			);
			path = BibleYearTrackerTests;
			sourceTree = "<group>";
		};
		B7BA5C4B2AE360A700454FDB /* BibleYearTrackerUITests */ = {
			isa = PBXGroup;
			children = (
				B7BA5C4C2AE360A700454FDB /* BibleYearTrackerUITests.swift */,
				B7BA5C4E2AE360A700454FDB /* BibleYearTrackerUITestsLaunchTests.swift */,
			);
			path = BibleYearTrackerUITests;
			sourceTree = "<group>";
		};
		B7BA5C5B2AE360AF00454FDB /* Readings */ = {
			isa = PBXGroup;
			children = (
				B7BA5C5D2AE360DB00454FDB /* ReadingListView.swift */,
				B72B32E12B05CBBB00D47429 /* ReadingsLocalDataSource.swift */,
				B72B32E32B05CDBB00D47429 /* BibleReadingParser.swift */,
			);
			path = Readings;
			sourceTree = "<group>";
		};
		B7BA5C5C2AE360BC00454FDB /* Settings */ = {
			isa = PBXGroup;
			children = (
				B7BA5C5F2AE3614400454FDB /* SettingsView.swift */,
			);
			path = Settings;
			sourceTree = "<group>";
		};
/* End PBXGroup section */

/* Begin PBXNativeTarget section */
		B7BA5C2D2AE360A500454FDB /* BibleYearTracker */ = {
			isa = PBXNativeTarget;
			buildConfigurationList = B7BA5C522AE360A700454FDB /* Build configuration list for PBXNativeTarget "BibleYearTracker" */;
			buildPhases = (
				B7BA5C2A2AE360A500454FDB /* Sources */,
				B7BA5C2B2AE360A500454FDB /* Frameworks */,
				B7BA5C2C2AE360A500454FDB /* Resources */,
			);
			buildRules = (
			);
			dependencies = (
			);
			name = BibleYearTracker;
			productName = BibleYearTracker;
			productReference = B7BA5C2E2AE360A500454FDB /* BibleYearTracker.app */;
			productType = "com.apple.product-type.application";
		};
		B7BA5C3D2AE360A700454FDB /* BibleYearTrackerTests */ = {
			isa = PBXNativeTarget;
			buildConfigurationList = B7BA5C552AE360A700454FDB /* Build configuration list for PBXNativeTarget "BibleYearTrackerTests" */;
			buildPhases = (
				B7BA5C3A2AE360A700454FDB /* Sources */,
				B7BA5C3B2AE360A700454FDB /* Frameworks */,
				B7BA5C3C2AE360A700454FDB /* Resources */,
			);
			buildRules = (
			);
			dependencies = (
				B7BA5C402AE360A700454FDB /* PBXTargetDependency */,
			);
			name = BibleYearTrackerTests;
			productName = BibleYearTrackerTests;
			productReference = B7BA5C3E2AE360A700454FDB /* BibleYearTrackerTests.xctest */;
			productType = "com.apple.product-type.bundle.unit-test";
		};
		B7BA5C472AE360A700454FDB /* BibleYearTrackerUITests */ = {
			isa = PBXNativeTarget;
			buildConfigurationList = B7BA5C582AE360A700454FDB /* Build configuration list for PBXNativeTarget "BibleYearTrackerUITests" */;
			buildPhases = (
				B7BA5C442AE360A700454FDB /* Sources */,
				B7BA5C452AE360A700454FDB /* Frameworks */,
				B7BA5C462AE360A700454FDB /* Resources */,
			);
			buildRules = (
			);
			dependencies = (
				B7BA5C4A2AE360A700454FDB /* PBXTargetDependency */,
			);
			name = BibleYearTrackerUITests;
			productName = BibleYearTrackerUITests;
			productReference = B7BA5C482AE360A700454FDB /* BibleYearTrackerUITests.xctest */;
			productType = "com.apple.product-type.bundle.ui-testing";
		};
/* End PBXNativeTarget section */

/* Begin PBXProject section */
		B7BA5C262AE360A500454FDB /* Project object */ = {
			isa = PBXProject;
			attributes = {
				BuildIndependentTargetsInParallel = 1;
				LastSwiftUpdateCheck = 1500;
				LastUpgradeCheck = 1500;
				TargetAttributes = {
					B7BA5C2D2AE360A500454FDB = {
						CreatedOnToolsVersion = 15.0;
					};
					B7BA5C3D2AE360A700454FDB = {
						CreatedOnToolsVersion = 15.0;
						TestTargetID = B7BA5C2D2AE360A500454FDB;
					};
					B7BA5C472AE360A700454FDB = {
						CreatedOnToolsVersion = 15.0;
						TestTargetID = B7BA5C2D2AE360A500454FDB;
					};
				};
			};
			buildConfigurationList = B7BA5C292AE360A500454FDB /* Build configuration list for PBXProject "BibleYearTracker" */;
			compatibilityVersion = "Xcode 14.0";
			developmentRegion = en;
			hasScannedForEncodings = 0;
			knownRegions = (
				en,
				Base,
			);
			mainGroup = B7BA5C252AE360A500454FDB;
			productRefGroup = B7BA5C2F2AE360A500454FDB /* Products */;
			projectDirPath = "";
			projectRoot = "";
			targets = (
				B7BA5C2D2AE360A500454FDB /* BibleYearTracker */,
				B7BA5C3D2AE360A700454FDB /* BibleYearTrackerTests */,
				B7BA5C472AE360A700454FDB /* BibleYearTrackerUITests */,
			);
		};
/* End PBXProject section */

/* Begin PBXResourcesBuildPhase section */
		B7BA5C2C2AE360A500454FDB /* Resources */ = {
			isa = PBXResourcesBuildPhase;
			buildActionMask = 2147483647;
			files = (
				B7BA5C392AE360A700454FDB /* Preview Assets.xcassets in Resources */,
				B72B32DE2B053E6600D47429 /* bible_data.json in Resources */,
				B7BA5C362AE360A700454FDB /* Assets.xcassets in Resources */,
			);
			runOnlyForDeploymentPostprocessing = 0;
		};
		B7BA5C3C2AE360A700454FDB /* Resources */ = {
			isa = PBXResourcesBuildPhase;
			buildActionMask = 2147483647;
			files = (
			);
			runOnlyForDeploymentPostprocessing = 0;
		};
		B7BA5C462AE360A700454FDB /* Resources */ = {
			isa = PBXResourcesBuildPhase;
			buildActionMask = 2147483647;
			files = (
			);
			runOnlyForDeploymentPostprocessing = 0;
		};
/* End PBXResourcesBuildPhase section */

/* Begin PBXSourcesBuildPhase section */
		B7BA5C2A2AE360A500454FDB /* Sources */ = {
			isa = PBXSourcesBuildPhase;
			buildActionMask = 2147483647;
			files = (
				B7BA5C342AE360A500454FDB /* ContentView.swift in Sources */,
				B7BA5C602AE3614400454FDB /* SettingsView.swift in Sources */,
				B72B32E02B053E9C00D47429 /* BibleReadingsDataModel.swift in Sources */,
				B72B32E22B05CBBB00D47429 /* ReadingsLocalDataSource.swift in Sources */,
				B7BA5C322AE360A500454FDB /* BibleYearTrackerApp.swift in Sources */,
				B7BA5C5E2AE360DB00454FDB /* ReadingListView.swift in Sources */,
				B72B32E42B05CDBB00D47429 /* BibleReadingParser.swift in Sources */,
			);
			runOnlyForDeploymentPostprocessing = 0;
		};
		B7BA5C3A2AE360A700454FDB /* Sources */ = {
			isa = PBXSourcesBuildPhase;
			buildActionMask = 2147483647;
			files = (
				B72B32E62B05D15400D47429 /* BibleReadingParserTests.swift in Sources */,
				B7BA5C432AE360A700454FDB /* BibleYearTrackerTests.swift in Sources */,
			);
			runOnlyForDeploymentPostprocessing = 0;
		};
		B7BA5C442AE360A700454FDB /* Sources */ = {
			isa = PBXSourcesBuildPhase;
			buildActionMask = 2147483647;
			files = (
				B7BA5C4D2AE360A700454FDB /* BibleYearTrackerUITests.swift in Sources */,
				B7BA5C4F2AE360A700454FDB /* BibleYearTrackerUITestsLaunchTests.swift in Sources */,
			);
			runOnlyForDeploymentPostprocessing = 0;
		};
/* End PBXSourcesBuildPhase section */

/* Begin PBXTargetDependency section */
		B7BA5C402AE360A700454FDB /* PBXTargetDependency */ = {
			isa = PBXTargetDependency;
			target = B7BA5C2D2AE360A500454FDB /* BibleYearTracker */;
			targetProxy = B7BA5C3F2AE360A700454FDB /* PBXContainerItemProxy */;
		};
		B7BA5C4A2AE360A700454FDB /* PBXTargetDependency */ = {
			isa = PBXTargetDependency;
			target = B7BA5C2D2AE360A500454FDB /* BibleYearTracker */;
			targetProxy = B7BA5C492AE360A700454FDB /* PBXContainerItemProxy */;
		};
/* End PBXTargetDependency section */

/* Begin XCBuildConfiguration section */
		B7BA5C502AE360A700454FDB /* Debug */ = {
			isa = XCBuildConfiguration;
			buildSettings = {
				ALWAYS_SEARCH_USER_PATHS = NO;
				ASSETCATALOG_COMPILER_GENERATE_SWIFT_ASSET_SYMBOL_EXTENSIONS = YES;
				CLANG_ANALYZER_NONNULL = YES;
				CLANG_ANALYZER_NUMBER_OBJECT_CONVERSION = YES_AGGRESSIVE;
				CLANG_CXX_LANGUAGE_STANDARD = "gnu++20";
				CLANG_ENABLE_MODULES = YES;
				CLANG_ENABLE_OBJC_ARC = YES;
				CLANG_ENABLE_OBJC_WEAK = YES;
				CLANG_WARN_BLOCK_CAPTURE_AUTORELEASING = YES;
				CLANG_WARN_BOOL_CONVERSION = YES;
				CLANG_WARN_COMMA = YES;
				CLANG_WARN_CONSTANT_CONVERSION = YES;
				CLANG_WARN_DEPRECATED_OBJC_IMPLEMENTATIONS = YES;
				CLANG_WARN_DIRECT_OBJC_ISA_USAGE = YES_ERROR;
				CLANG_WARN_DOCUMENTATION_COMMENTS = YES;
				CLANG_WARN_EMPTY_BODY = YES;
				CLANG_WARN_ENUM_CONVERSION = YES;
				CLANG_WARN_INFINITE_RECURSION = YES;
				CLANG_WARN_INT_CONVERSION = YES;
				CLANG_WARN_NON_LITERAL_NULL_CONVERSION = YES;
				CLANG_WARN_OBJC_IMPLICIT_RETAIN_SELF = YES;
				CLANG_WARN_OBJC_LITERAL_CONVERSION = YES;
				CLANG_WARN_OBJC_ROOT_CLASS = YES_ERROR;
				CLANG_WARN_QUOTED_INCLUDE_IN_FRAMEWORK_HEADER = YES;
				CLANG_WARN_RANGE_LOOP_ANALYSIS = YES;
				CLANG_WARN_STRICT_PROTOTYPES = YES;
				CLANG_WARN_SUSPICIOUS_MOVE = YES;
				CLANG_WARN_UNGUARDED_AVAILABILITY = YES_AGGRESSIVE;
				CLANG_WARN_UNREACHABLE_CODE = YES;
				CLANG_WARN__DUPLICATE_METHOD_MATCH = YES;
				COPY_PHASE_STRIP = NO;
				DEBUG_INFORMATION_FORMAT = dwarf;
				ENABLE_STRICT_OBJC_MSGSEND = YES;
				ENABLE_TESTABILITY = YES;
				ENABLE_USER_SCRIPT_SANDBOXING = YES;
				GCC_C_LANGUAGE_STANDARD = gnu17;
				GCC_DYNAMIC_NO_PIC = NO;
				GCC_NO_COMMON_BLOCKS = YES;
				GCC_OPTIMIZATION_LEVEL = 0;
				GCC_PREPROCESSOR_DEFINITIONS = (
					"DEBUG=1",
					"$(inherited)",
				);
				GCC_WARN_64_TO_32_BIT_CONVERSION = YES;
				GCC_WARN_ABOUT_RETURN_TYPE = YES_ERROR;
				GCC_WARN_UNDECLARED_SELECTOR = YES;
				GCC_WARN_UNINITIALIZED_AUTOS = YES_AGGRESSIVE;
				GCC_WARN_UNUSED_FUNCTION = YES;
				GCC_WARN_UNUSED_VARIABLE = YES;
				IPHONEOS_DEPLOYMENT_TARGET = 17.0;
				LOCALIZATION_PREFERS_STRING_CATALOGS = YES;
				MTL_ENABLE_DEBUG_INFO = INCLUDE_SOURCE;
				MTL_FAST_MATH = YES;
				ONLY_ACTIVE_ARCH = YES;
				SDKROOT = iphoneos;
				SWIFT_ACTIVE_COMPILATION_CONDITIONS = "DEBUG $(inherited)";
				SWIFT_OPTIMIZATION_LEVEL = "-Onone";
			};
			name = Debug;
		};
		B7BA5C512AE360A700454FDB /* Release */ = {
			isa = XCBuildConfiguration;
			buildSettings = {
				ALWAYS_SEARCH_USER_PATHS = NO;
				ASSETCATALOG_COMPILER_GENERATE_SWIFT_ASSET_SYMBOL_EXTENSIONS = YES;
				CLANG_ANALYZER_NONNULL = YES;
				CLANG_ANALYZER_NUMBER_OBJECT_CONVERSION = YES_AGGRESSIVE;
				CLANG_CXX_LANGUAGE_STANDARD = "gnu++20";
				CLANG_ENABLE_MODULES = YES;
				CLANG_ENABLE_OBJC_ARC = YES;
				CLANG_ENABLE_OBJC_WEAK = YES;
				CLANG_WARN_BLOCK_CAPTURE_AUTORELEASING = YES;
				CLANG_WARN_BOOL_CONVERSION = YES;
				CLANG_WARN_COMMA = YES;
				CLANG_WARN_CONSTANT_CONVERSION = YES;
				CLANG_WARN_DEPRECATED_OBJC_IMPLEMENTATIONS = YES;
				CLANG_WARN_DIRECT_OBJC_ISA_USAGE = YES_ERROR;
				CLANG_WARN_DOCUMENTATION_COMMENTS = YES;
				CLANG_WARN_EMPTY_BODY = YES;
				CLANG_WARN_ENUM_CONVERSION = YES;
				CLANG_WARN_INFINITE_RECURSION = YES;
				CLANG_WARN_INT_CONVERSION = YES;
				CLANG_WARN_NON_LITERAL_NULL_CONVERSION = YES;
				CLANG_WARN_OBJC_IMPLICIT_RETAIN_SELF = YES;
				CLANG_WARN_OBJC_LITERAL_CONVERSION = YES;
				CLANG_WARN_OBJC_ROOT_CLASS = YES_ERROR;
				CLANG_WARN_QUOTED_INCLUDE_IN_FRAMEWORK_HEADER = YES;
				CLANG_WARN_RANGE_LOOP_ANALYSIS = YES;
				CLANG_WARN_STRICT_PROTOTYPES = YES;
				CLANG_WARN_SUSPICIOUS_MOVE = YES;
				CLANG_WARN_UNGUARDED_AVAILABILITY = YES_AGGRESSIVE;
				CLANG_WARN_UNREACHABLE_CODE = YES;
				CLANG_WARN__DUPLICATE_METHOD_MATCH = YES;
				COPY_PHASE_STRIP = NO;
				DEBUG_INFORMATION_FORMAT = "dwarf-with-dsym";
				ENABLE_NS_ASSERTIONS = NO;
				ENABLE_STRICT_OBJC_MSGSEND = YES;
				ENABLE_USER_SCRIPT_SANDBOXING = YES;
				GCC_C_LANGUAGE_STANDARD = gnu17;
				GCC_NO_COMMON_BLOCKS = YES;
				GCC_WARN_64_TO_32_BIT_CONVERSION = YES;
				GCC_WARN_ABOUT_RETURN_TYPE = YES_ERROR;
				GCC_WARN_UNDECLARED_SELECTOR = YES;
				GCC_WARN_UNINITIALIZED_AUTOS = YES_AGGRESSIVE;
				GCC_WARN_UNUSED_FUNCTION = YES;
				GCC_WARN_UNUSED_VARIABLE = YES;
				IPHONEOS_DEPLOYMENT_TARGET = 17.0;
				LOCALIZATION_PREFERS_STRING_CATALOGS = YES;
				MTL_ENABLE_DEBUG_INFO = NO;
				MTL_FAST_MATH = YES;
				SDKROOT = iphoneos;
				SWIFT_COMPILATION_MODE = wholemodule;
				VALIDATE_PRODUCT = YES;
			};
			name = Release;
		};
		B7BA5C532AE360A700454FDB /* Debug */ = {
			isa = XCBuildConfiguration;
			buildSettings = {
				ASSETCATALOG_COMPILER_APPICON_NAME = AppIcon;
				ASSETCATALOG_COMPILER_GLOBAL_ACCENT_COLOR_NAME = AccentColor;
				CODE_SIGN_STYLE = Automatic;
				CURRENT_PROJECT_VERSION = 1;
				DEVELOPMENT_ASSET_PATHS = "\"BibleYearTracker/Preview Content\"";
				ENABLE_PREVIEWS = YES;
				GENERATE_INFOPLIST_FILE = YES;
				INFOPLIST_KEY_UIApplicationSceneManifest_Generation = YES;
				INFOPLIST_KEY_UIApplicationSupportsIndirectInputEvents = YES;
				INFOPLIST_KEY_UILaunchScreen_Generation = YES;
				INFOPLIST_KEY_UISupportedInterfaceOrientations_iPad = "UIInterfaceOrientationPortrait UIInterfaceOrientationPortraitUpsideDown UIInterfaceOrientationLandscapeLeft UIInterfaceOrientationLandscapeRight";
				INFOPLIST_KEY_UISupportedInterfaceOrientations_iPhone = "UIInterfaceOrientationPortrait UIInterfaceOrientationLandscapeLeft UIInterfaceOrientationLandscapeRight";
				LD_RUNPATH_SEARCH_PATHS = (
					"$(inherited)",
					"@executable_path/Frameworks",
				);
				MARKETING_VERSION = 1.0;
				PRODUCT_BUNDLE_IDENTIFIER = com.dladukedev.BibleYearTracker;
				PRODUCT_NAME = "$(TARGET_NAME)";
				SWIFT_EMIT_LOC_STRINGS = YES;
				SWIFT_VERSION = 5.0;
				TARGETED_DEVICE_FAMILY = "1,2";
			};
			name = Debug;
		};
		B7BA5C542AE360A700454FDB /* Release */ = {
			isa = XCBuildConfiguration;
			buildSettings = {
				ASSETCATALOG_COMPILER_APPICON_NAME = AppIcon;
				ASSETCATALOG_COMPILER_GLOBAL_ACCENT_COLOR_NAME = AccentColor;
				CODE_SIGN_STYLE = Automatic;
				CURRENT_PROJECT_VERSION = 1;
				DEVELOPMENT_ASSET_PATHS = "\"BibleYearTracker/Preview Content\"";
				ENABLE_PREVIEWS = YES;
				GENERATE_INFOPLIST_FILE = YES;
				INFOPLIST_KEY_UIApplicationSceneManifest_Generation = YES;
				INFOPLIST_KEY_UIApplicationSupportsIndirectInputEvents = YES;
				INFOPLIST_KEY_UILaunchScreen_Generation = YES;
				INFOPLIST_KEY_UISupportedInterfaceOrientations_iPad = "UIInterfaceOrientationPortrait UIInterfaceOrientationPortraitUpsideDown UIInterfaceOrientationLandscapeLeft UIInterfaceOrientationLandscapeRight";
				INFOPLIST_KEY_UISupportedInterfaceOrientations_iPhone = "UIInterfaceOrientationPortrait UIInterfaceOrientationLandscapeLeft UIInterfaceOrientationLandscapeRight";
				LD_RUNPATH_SEARCH_PATHS = (
					"$(inherited)",
					"@executable_path/Frameworks",
				);
				MARKETING_VERSION = 1.0;
				PRODUCT_BUNDLE_IDENTIFIER = com.dladukedev.BibleYearTracker;
				PRODUCT_NAME = "$(TARGET_NAME)";
				SWIFT_EMIT_LOC_STRINGS = YES;
				SWIFT_VERSION = 5.0;
				TARGETED_DEVICE_FAMILY = "1,2";
			};
			name = Release;
		};
		B7BA5C562AE360A700454FDB /* Debug */ = {
			isa = XCBuildConfiguration;
			buildSettings = {
				ALWAYS_EMBED_SWIFT_STANDARD_LIBRARIES = YES;
				BUNDLE_LOADER = "$(TEST_HOST)";
				CODE_SIGN_STYLE = Automatic;
				CURRENT_PROJECT_VERSION = 1;
				GENERATE_INFOPLIST_FILE = YES;
				IPHONEOS_DEPLOYMENT_TARGET = 17.0;
				MARKETING_VERSION = 1.0;
				PRODUCT_BUNDLE_IDENTIFIER = com.dladukedev.BibleYearTrackerTests;
				PRODUCT_NAME = "$(TARGET_NAME)";
				SWIFT_EMIT_LOC_STRINGS = NO;
				SWIFT_VERSION = 5.0;
				TARGETED_DEVICE_FAMILY = "1,2";
				TEST_HOST = "$(BUILT_PRODUCTS_DIR)/BibleYearTracker.app/$(BUNDLE_EXECUTABLE_FOLDER_PATH)/BibleYearTracker";
			};
			name = Debug;
		};
		B7BA5C572AE360A700454FDB /* Release */ = {
			isa = XCBuildConfiguration;
			buildSettings = {
				ALWAYS_EMBED_SWIFT_STANDARD_LIBRARIES = YES;
				BUNDLE_LOADER = "$(TEST_HOST)";
				CODE_SIGN_STYLE = Automatic;
				CURRENT_PROJECT_VERSION = 1;
				GENERATE_INFOPLIST_FILE = YES;
				IPHONEOS_DEPLOYMENT_TARGET = 17.0;
				MARKETING_VERSION = 1.0;
				PRODUCT_BUNDLE_IDENTIFIER = com.dladukedev.BibleYearTrackerTests;
				PRODUCT_NAME = "$(TARGET_NAME)";
				SWIFT_EMIT_LOC_STRINGS = NO;
				SWIFT_VERSION = 5.0;
				TARGETED_DEVICE_FAMILY = "1,2";
				TEST_HOST = "$(BUILT_PRODUCTS_DIR)/BibleYearTracker.app/$(BUNDLE_EXECUTABLE_FOLDER_PATH)/BibleYearTracker";
			};
			name = Release;
		};
		B7BA5C592AE360A700454FDB /* Debug */ = {
			isa = XCBuildConfiguration;
			buildSettings = {
				ALWAYS_EMBED_SWIFT_STANDARD_LIBRARIES = YES;
				CODE_SIGN_STYLE = Automatic;
				CURRENT_PROJECT_VERSION = 1;
				GENERATE_INFOPLIST_FILE = YES;
				MARKETING_VERSION = 1.0;
				PRODUCT_BUNDLE_IDENTIFIER = com.dladukedev.BibleYearTrackerUITests;
				PRODUCT_NAME = "$(TARGET_NAME)";
				SWIFT_EMIT_LOC_STRINGS = NO;
				SWIFT_VERSION = 5.0;
				TARGETED_DEVICE_FAMILY = "1,2";
				TEST_TARGET_NAME = BibleYearTracker;
			};
			name = Debug;
		};
		B7BA5C5A2AE360A700454FDB /* Release */ = {
			isa = XCBuildConfiguration;
			buildSettings = {
				ALWAYS_EMBED_SWIFT_STANDARD_LIBRARIES = YES;
				CODE_SIGN_STYLE = Automatic;
				CURRENT_PROJECT_VERSION = 1;
				GENERATE_INFOPLIST_FILE = YES;
				MARKETING_VERSION = 1.0;
				PRODUCT_BUNDLE_IDENTIFIER = com.dladukedev.BibleYearTrackerUITests;
				PRODUCT_NAME = "$(TARGET_NAME)";
				SWIFT_EMIT_LOC_STRINGS = NO;
				SWIFT_VERSION = 5.0;
				TARGETED_DEVICE_FAMILY = "1,2";
				TEST_TARGET_NAME = BibleYearTracker;
			};
			name = Release;
		};
/* End XCBuildConfiguration section */

/* Begin XCConfigurationList section */
		B7BA5C292AE360A500454FDB /* Build configuration list for PBXProject "BibleYearTracker" */ = {
			isa = XCConfigurationList;
			buildConfigurations = (
				B7BA5C502AE360A700454FDB /* Debug */,
				B7BA5C512AE360A700454FDB /* Release */,
			);
			defaultConfigurationIsVisible = 0;
			defaultConfigurationName = Release;
		};
		B7BA5C522AE360A700454FDB /* Build configuration list for PBXNativeTarget "BibleYearTracker" */ = {
			isa = XCConfigurationList;
			buildConfigurations = (
				B7BA5C532AE360A700454FDB /* Debug */,
				B7BA5C542AE360A700454FDB /* Release */,
			);
			defaultConfigurationIsVisible = 0;
			defaultConfigurationName = Release;
		};
		B7BA5C552AE360A700454FDB /* Build configuration list for PBXNativeTarget "BibleYearTrackerTests" */ = {
			isa = XCConfigurationList;
			buildConfigurations = (
				B7BA5C562AE360A700454FDB /* Debug */,
				B7BA5C572AE360A700454FDB /* Release */,
			);
			defaultConfigurationIsVisible = 0;
			defaultConfigurationName = Release;
		};
		B7BA5C582AE360A700454FDB /* Build configuration list for PBXNativeTarget "BibleYearTrackerUITests" */ = {
			isa = XCConfigurationList;
			buildConfigurations = (
				B7BA5C592AE360A700454FDB /* Debug */,
				B7BA5C5A2AE360A700454FDB /* Release */,
			);
			defaultConfigurationIsVisible = 0;
			defaultConfigurationName = Release;
		};
/* End XCConfigurationList section */
	};
	rootObject = B7BA5C262AE360A500454FDB /* Project object */;
}
